
Microsoft Visual Studio Solution File, Format Version 12.00
# Visual Studio 15
VisualStudioVersion = 15.0.27428.2037
MinimumVisualStudioVersion = 10.0.40219.1
Project("{FAE04EC0-301F-11D3-BF4B-00C04F79EFBC}") = "SAPMETADATA", "SAPMetadata\SAPMETADATA.csproj", "{92A5ACDB-270B-4DE8-B5B6-145F0567A09A}"
EndProject
Project("{FAE04EC0-301F-11D3-BF4B-00C04F79EFBC}") = "SAPMETADATA.MODEL", "SAPMETADATA.MODEL\SAPMETADATA.MODEL.csproj", "{A20F5335-8753-4A18-9785-80F2C20C551B}"
EndProject
Global
	GlobalSection(SolutionConfigurationPlatforms) = preSolution
		Debug|Any CPU = Debug|Any CPU
		Release|Any CPU = Release|Any CPU
	EndGlobalSection
	GlobalSection(ProjectConfigurationPlatforms) = postSolution
		{92A5ACDB-270B-4DE8-B5B6-145F0567A09A}.Debug|Any CPU.ActiveCfg = Debug|Any CPU
		{92A5ACDB-270B-4DE8-B5B6-145F0567A09A}.Debug|Any CPU.Build.0 = Debug|Any CPU
		{92A5ACDB-270B-4DE8-B5B6-145F0567A09A}.Release|Any CPU.ActiveCfg = Release|Any CPU
		{92A5ACDB-270B-4DE8-B5B6-145F0567A09A}.Release|Any CPU.Build.0 = Release|Any CPU
		{A20F5335-8753-4A18-9785-80F2C20C551B}.Debug|Any CPU.ActiveCfg = Debug|Any CPU
		{A20F5335-8753-4A18-9785-80F2C20C551B}.Debug|Any CPU.Build.0 = Debug|Any CPU
		{A20F5335-8753-4A18-9785-80F2C20C551B}.Release|Any CPU.ActiveCfg = Release|Any CPU
		{A20F5335-8753-4A18-9785-80F2C20C551B}.Release|Any CPU.Build.0 = Release|Any CPU
	EndGlobalSection
	GlobalSection(SolutionProperties) = preSolution
		HideSolutionNode = FALSE
	EndGlobalSection
	GlobalSection(ExtensibilityGlobals) = postSolution
		SolutionGuid = {30038E53-F561-4AAE-B8CA-B47197ED9576}
	EndGlobalSection
EndGlobal
